
Microsoft Visual Studio Solution File, Format Version 12.00
# Visual Studio Version 17
VisualStudioVersion = 17.0.31903.59
MinimumVisualStudioVersion = 10.0.40219.1
Project("{2150E333-8FDC-42A3-9474-1A3956D46DE8}") = "src", "src", "{5A80FE06-3F5F-483C-9869-A3F94A1C40D6}"
EndProject
Project("{FAE04EC0-301F-11D3-BF4B-00C04F79EFBC}") = "Ctypes", "src\Ctypes\Ctypes.csproj", "{B1A1EB29-B769-460F-8F1B-B2530A36F626}"
EndProject
Global
	GlobalSection(SolutionConfigurationPlatforms) = preSolution
		Debug|Any CPU = Debug|Any CPU
		Release|Any CPU = Release|Any CPU
	EndGlobalSection
	GlobalSection(SolutionProperties) = preSolution
		HideSolutionNode = FALSE
	EndGlobalSection
	GlobalSection(ProjectConfigurationPlatforms) = postSolution
		{B1A1EB29-B769-460F-8F1B-B2530A36F626}.Debug|Any CPU.ActiveCfg = Debug|Any CPU
		{B1A1EB29-B769-460F-8F1B-B2530A36F626}.Debug|Any CPU.Build.0 = Debug|Any CPU
		{B1A1EB29-B769-460F-8F1B-B2530A36F626}.Release|Any CPU.ActiveCfg = Release|Any CPU
		{B1A1EB29-B769-460F-8F1B-B2530A36F626}.Release|Any CPU.Build.0 = Release|Any CPU
	EndGlobalSection
	GlobalSection(NestedProjects) = preSolution
		{B1A1EB29-B769-460F-8F1B-B2530A36F626} = {5A80FE06-3F5F-483C-9869-A3F94A1C40D6}
	EndGlobalSection
EndGlobal
